
Microsoft Visual Studio Solution File, Format Version 12.00
# Visual Studio Version 17
VisualStudioVersion = 17.13.35913.81 d17.13
MinimumVisualStudioVersion = 10.0.40219.1
Project("{888888A0-9F3D-457C-B088-3A5042F75D52}") = "3410 - Project", "3410 - Project\3410 - Project.pyproj", "{22D10222-17BD-485E-9D31-7C391FB07995}"
EndProject
Global
	GlobalSection(SolutionConfigurationPlatforms) = preSolution
		Debug|Any CPU = Debug|Any CPU
		Release|Any CPU = Release|Any CPU
	EndGlobalSection
	GlobalSection(ProjectConfigurationPlatforms) = postSolution
		{22D10222-17BD-485E-9D31-7C391FB07995}.Debug|Any CPU.ActiveCfg = Debug|Any CPU
		{22D10222-17BD-485E-9D31-7C391FB07995}.Release|Any CPU.ActiveCfg = Release|Any CPU
	EndGlobalSection
	GlobalSection(SolutionProperties) = preSolution
		HideSolutionNode = FALSE
	EndGlobalSection
	GlobalSection(ExtensibilityGlobals) = postSolution
		SolutionGuid = {BE79ACF0-77FA-4898-A977-18C396DCBB7C}
	EndGlobalSection
EndGlobal
